
Microsoft Visual Studio Solution File, Format Version 12.00
# Visual Studio Version 17
VisualStudioVersion = 17.1.32210.238
MinimumVisualStudioVersion = 10.0.40219.1
Project("{FAE04EC0-301F-11D3-BF4B-00C04F79EFBC}") = "API_Elektro", "API_Elektro\API_Elektro.csproj", "{0E9023C5-1D16-47FB-8A8D-AC1842F46B63}"
EndProject
Global
	GlobalSection(SolutionConfigurationPlatforms) = preSolution
		Debug|Any CPU = Debug|Any CPU
		Release|Any CPU = Release|Any CPU
	EndGlobalSection
	GlobalSection(ProjectConfigurationPlatforms) = postSolution
		{0E9023C5-1D16-47FB-8A8D-AC1842F46B63}.Debug|Any CPU.ActiveCfg = Debug|Any CPU
		{0E9023C5-1D16-47FB-8A8D-AC1842F46B63}.Debug|Any CPU.Build.0 = Debug|Any CPU
		{0E9023C5-1D16-47FB-8A8D-AC1842F46B63}.Release|Any CPU.ActiveCfg = Release|Any CPU
		{0E9023C5-1D16-47FB-8A8D-AC1842F46B63}.Release|Any CPU.Build.0 = Release|Any CPU
	EndGlobalSection
	GlobalSection(SolutionProperties) = preSolution
		HideSolutionNode = FALSE
	EndGlobalSection
	GlobalSection(ExtensibilityGlobals) = postSolution
		SolutionGuid = {9A4E36C1-B979-4AEE-9924-FC5081EBA5BD}
	EndGlobalSection
EndGlobal
